[[package]]
name = "pafy"
version = "0.5.5"
description = "Retrieve YouTube content and metadata"
category = "main"
optional = false
python-versions = "*"

[package.extras]
youtube-dl-backend = ["youtube-dl"]

[[package]]
name = "pydub"
version = "0.25.1"
description = "Manipulate audio with an simple and easy high level interface"
category = "main"
optional = false
python-versions = "*"

[[package]]
name = "youtube-dl"
version = "2021.12.17"
description = "YouTube video downloader"
category = "main"
optional = false
python-versions = "*"

[metadata]
lock-version = "1.1"
python-versions = "^3.10"
content-hash = "a9684f3b93e511833032abd6d5b9f9965112d9a805a7e899e679c85392afc056"

[metadata.files]
pafy = []
pydub = []
youtube-dl = [
    {file = "youtube_dl-2021.12.17-py2.py3-none-any.whl", hash = "sha256:f1336d5de68647e0364a47b3c0712578e59ec76f02048ff5c50ef1c69d79cd55"},
    {file = "youtube_dl-2021.12.17.tar.gz", hash = "sha256:bc59e86c5d15d887ac590454511f08ce2c47698d5a82c27bfe27b5d814bbaed2"},
]
